{
    "_readme": [
        "This file locks the dependencies of your project to a known state",
        "Read more about it at https://getcomposer.org/doc/01-basic-usage.md#installing-dependencies",
        "This file is @generated automatically"
    ],
    "content-hash": "0bbc134699ed417b0ff523bf0f5385e6",
    "packages": [
        {
            "name": "justuno.com/core",
            "version": "1.2.0",
            "source": {
                "type": "git",
                "url": "https://github.com/justuno-com/core.git",
                "reference": "4c0f28cd89df66e01372b7f3568b55b0b3da7553"
            },
            "dist": {
                "type": "zip",
                "url": "https://api.github.com/repos/justuno-com/core/zipball/4c0f28cd89df66e01372b7f3568b55b0b3da7553",
                "reference": "4c0f28cd89df66e01372b7f3568b55b0b3da7553",
                "shasum": ""
            },
            "type": "magento2-module",
            "autoload": {
                "files": [
                    "registration.php"
                ],
                "psr-4": {
                    "Justuno\\Core\\": ""
                }
            },
            "notification-url": "https://packagist.org/downloads/",
            "license": [
                "MIT"
            ],
            "authors": [
                {
                    "name": "Dmitry Fedyuk",
                    "email": "admin@mage2.pro",
                    "homepage": "https://mage2.pro/users/dmitry_fedyuk",
                    "role": "Developer"
                }
            ],
            "description": "A core package for `justuno.com/m2` (instead of `mage2pro/core`)",
            "homepage": "https://github.com/justuno-com/core",
            "keywords": [
                "magento 2"
            ],
            "time": "2021-10-11T09:59:52+00:00"
        }
    ],
    "packages-dev": [],
    "aliases": [],
    "minimum-stability": "stable",
    "stability-flags": [],
    "prefer-stable": false,
    "prefer-lowest": false,
    "platform": [],
    "platform-dev": [],
    "plugin-api-version": "1.1.0"
}
